
Microsoft Visual Studio Solution File, Format Version 12.00
# Visual Studio 15
VisualStudioVersion = 15.0.28307.572
MinimumVisualStudioVersion = 10.0.40219.1
Project("{FAE04EC0-301F-11D3-BF4B-00C04F79EFBC}") = "QueensAttackII", "QueensAttackII\QueensAttackII.csproj", "{FF7C77DF-C127-41D9-B063-B5604B751806}"
EndProject
Global
	GlobalSection(SolutionConfigurationPlatforms) = preSolution
		Debug|Any CPU = Debug|Any CPU
		Release|Any CPU = Release|Any CPU
	EndGlobalSection
	GlobalSection(ProjectConfigurationPlatforms) = postSolution
		{FF7C77DF-C127-41D9-B063-B5604B751806}.Debug|Any CPU.ActiveCfg = Debug|Any CPU
		{FF7C77DF-C127-41D9-B063-B5604B751806}.Debug|Any CPU.Build.0 = Debug|Any CPU
		{FF7C77DF-C127-41D9-B063-B5604B751806}.Release|Any CPU.ActiveCfg = Release|Any CPU
		{FF7C77DF-C127-41D9-B063-B5604B751806}.Release|Any CPU.Build.0 = Release|Any CPU
	EndGlobalSection
	GlobalSection(SolutionProperties) = preSolution
		HideSolutionNode = FALSE
	EndGlobalSection
	GlobalSection(ExtensibilityGlobals) = postSolution
		SolutionGuid = {3FF27C1F-7BF5-4F30-BFAA-0D7E08F82D32}
	EndGlobalSection
EndGlobal
