
Microsoft Visual Studio Solution File, Format Version 12.00
# Visual Studio Version 16
VisualStudioVersion = 16.0.29905.134
MinimumVisualStudioVersion = 10.0.40219.1
Project("{FAE04EC0-301F-11D3-BF4B-00C04F79EFBC}") = "TheMaximumSubarray", "TheMaximumSubarray\TheMaximumSubarray.csproj", "{D01DC119-C09C-41BB-94C3-74EF65068D25}"
EndProject
Global
	GlobalSection(SolutionConfigurationPlatforms) = preSolution
		Debug|Any CPU = Debug|Any CPU
		Release|Any CPU = Release|Any CPU
	EndGlobalSection
	GlobalSection(ProjectConfigurationPlatforms) = postSolution
		{D01DC119-C09C-41BB-94C3-74EF65068D25}.Debug|Any CPU.ActiveCfg = Debug|Any CPU
		{D01DC119-C09C-41BB-94C3-74EF65068D25}.Debug|Any CPU.Build.0 = Debug|Any CPU
		{D01DC119-C09C-41BB-94C3-74EF65068D25}.Release|Any CPU.ActiveCfg = Release|Any CPU
		{D01DC119-C09C-41BB-94C3-74EF65068D25}.Release|Any CPU.Build.0 = Release|Any CPU
	EndGlobalSection
	GlobalSection(SolutionProperties) = preSolution
		HideSolutionNode = FALSE
	EndGlobalSection
	GlobalSection(ExtensibilityGlobals) = postSolution
		SolutionGuid = {F2F28225-D138-4C40-8201-1B7656CC6591}
	EndGlobalSection
EndGlobal
