
Microsoft Visual Studio Solution File, Format Version 12.00
# Visual Studio Version 16
VisualStudioVersion = 16.0.28803.202
MinimumVisualStudioVersion = 10.0.40219.1
Project("{F2A71F9B-5D33-465A-A702-920D77279786}") = "AngryProfessor", "AngryProfessor\AngryProfessor.fsproj", "{2F106494-7D96-4055-95D4-FC8559072ADC}"
EndProject
Global
	GlobalSection(SolutionConfigurationPlatforms) = preSolution
		Debug|Any CPU = Debug|Any CPU
		Release|Any CPU = Release|Any CPU
	EndGlobalSection
	GlobalSection(ProjectConfigurationPlatforms) = postSolution
		{2F106494-7D96-4055-95D4-FC8559072ADC}.Debug|Any CPU.ActiveCfg = Debug|Any CPU
		{2F106494-7D96-4055-95D4-FC8559072ADC}.Debug|Any CPU.Build.0 = Debug|Any CPU
		{2F106494-7D96-4055-95D4-FC8559072ADC}.Release|Any CPU.ActiveCfg = Release|Any CPU
		{2F106494-7D96-4055-95D4-FC8559072ADC}.Release|Any CPU.Build.0 = Release|Any CPU
	EndGlobalSection
	GlobalSection(SolutionProperties) = preSolution
		HideSolutionNode = FALSE
	EndGlobalSection
	GlobalSection(ExtensibilityGlobals) = postSolution
		SolutionGuid = {26846897-C577-45C6-8680-6173399E2A72}
	EndGlobalSection
EndGlobal
