
Microsoft Visual Studio Solution File, Format Version 12.00
# Visual Studio Version 16
VisualStudioVersion = 16.0.29613.14
MinimumVisualStudioVersion = 10.0.40219.1
Project("{FAE04EC0-301F-11D3-BF4B-00C04F79EFBC}") = "TheGridSearch", "TheGridSearch\TheGridSearch.csproj", "{8F565486-D6C8-4726-AE2F-DE39472ACE51}"
EndProject
Global
	GlobalSection(SolutionConfigurationPlatforms) = preSolution
		Debug|Any CPU = Debug|Any CPU
		Release|Any CPU = Release|Any CPU
	EndGlobalSection
	GlobalSection(ProjectConfigurationPlatforms) = postSolution
		{8F565486-D6C8-4726-AE2F-DE39472ACE51}.Debug|Any CPU.ActiveCfg = Debug|Any CPU
		{8F565486-D6C8-4726-AE2F-DE39472ACE51}.Debug|Any CPU.Build.0 = Debug|Any CPU
		{8F565486-D6C8-4726-AE2F-DE39472ACE51}.Release|Any CPU.ActiveCfg = Release|Any CPU
		{8F565486-D6C8-4726-AE2F-DE39472ACE51}.Release|Any CPU.Build.0 = Release|Any CPU
	EndGlobalSection
	GlobalSection(SolutionProperties) = preSolution
		HideSolutionNode = FALSE
	EndGlobalSection
	GlobalSection(ExtensibilityGlobals) = postSolution
		SolutionGuid = {41070F67-984F-4917-ACA6-025C14645840}
	EndGlobalSection
EndGlobal
