
Microsoft Visual Studio Solution File, Format Version 12.00
# Visual Studio Version 16
VisualStudioVersion = 16.0.29905.134
MinimumVisualStudioVersion = 10.0.40219.1
Project("{FAE04EC0-301F-11D3-BF4B-00C04F79EFBC}") = "BreadthFirstSearchShortestReach", "BreadthFirstSearchShortestReach\BreadthFirstSearchShortestReach.csproj", "{70C6A40A-C5BD-4817-AF9B-1F4EA98C2DD0}"
EndProject
Global
	GlobalSection(SolutionConfigurationPlatforms) = preSolution
		Debug|Any CPU = Debug|Any CPU
		Release|Any CPU = Release|Any CPU
	EndGlobalSection
	GlobalSection(ProjectConfigurationPlatforms) = postSolution
		{70C6A40A-C5BD-4817-AF9B-1F4EA98C2DD0}.Debug|Any CPU.ActiveCfg = Debug|Any CPU
		{70C6A40A-C5BD-4817-AF9B-1F4EA98C2DD0}.Debug|Any CPU.Build.0 = Debug|Any CPU
		{70C6A40A-C5BD-4817-AF9B-1F4EA98C2DD0}.Release|Any CPU.ActiveCfg = Release|Any CPU
		{70C6A40A-C5BD-4817-AF9B-1F4EA98C2DD0}.Release|Any CPU.Build.0 = Release|Any CPU
	EndGlobalSection
	GlobalSection(SolutionProperties) = preSolution
		HideSolutionNode = FALSE
	EndGlobalSection
	GlobalSection(ExtensibilityGlobals) = postSolution
		SolutionGuid = {DF1939E0-2DF1-42A2-A835-64D828008DB7}
	EndGlobalSection
EndGlobal
