
Microsoft Visual Studio Solution File, Format Version 12.00
# Visual Studio 15
VisualStudioVersion = 15.0.28307.572
MinimumVisualStudioVersion = 10.0.40219.1
Project("{F2A71F9B-5D33-465A-A702-920D77279786}") = "UtopianTree", "UtopianTree\UtopianTree.fsproj", "{FD48A25F-BB14-4543-92D6-3E1BA32F1619}"
EndProject
Global
	GlobalSection(SolutionConfigurationPlatforms) = preSolution
		Debug|Any CPU = Debug|Any CPU
		Release|Any CPU = Release|Any CPU
	EndGlobalSection
	GlobalSection(ProjectConfigurationPlatforms) = postSolution
		{FD48A25F-BB14-4543-92D6-3E1BA32F1619}.Debug|Any CPU.ActiveCfg = Debug|Any CPU
		{FD48A25F-BB14-4543-92D6-3E1BA32F1619}.Debug|Any CPU.Build.0 = Debug|Any CPU
		{FD48A25F-BB14-4543-92D6-3E1BA32F1619}.Release|Any CPU.ActiveCfg = Release|Any CPU
		{FD48A25F-BB14-4543-92D6-3E1BA32F1619}.Release|Any CPU.Build.0 = Release|Any CPU
	EndGlobalSection
	GlobalSection(SolutionProperties) = preSolution
		HideSolutionNode = FALSE
	EndGlobalSection
	GlobalSection(ExtensibilityGlobals) = postSolution
		SolutionGuid = {3474D519-1D5D-49FA-8F27-5DFD2E0CDF15}
	EndGlobalSection
EndGlobal
