
Microsoft Visual Studio Solution File, Format Version 12.00
# Visual Studio Version 16
VisualStudioVersion = 16.0.29613.14
MinimumVisualStudioVersion = 10.0.40219.1
Project("{FAE04EC0-301F-11D3-BF4B-00C04F79EFBC}") = "BiggerIsGreater", "BiggerIsGreater\BiggerIsGreater.csproj", "{DEE30473-5F93-4DD8-AFAC-2D78F1A1C8FC}"
EndProject
Global
	GlobalSection(SolutionConfigurationPlatforms) = preSolution
		Debug|Any CPU = Debug|Any CPU
		Release|Any CPU = Release|Any CPU
	EndGlobalSection
	GlobalSection(ProjectConfigurationPlatforms) = postSolution
		{DEE30473-5F93-4DD8-AFAC-2D78F1A1C8FC}.Debug|Any CPU.ActiveCfg = Debug|Any CPU
		{DEE30473-5F93-4DD8-AFAC-2D78F1A1C8FC}.Debug|Any CPU.Build.0 = Debug|Any CPU
		{DEE30473-5F93-4DD8-AFAC-2D78F1A1C8FC}.Release|Any CPU.ActiveCfg = Release|Any CPU
		{DEE30473-5F93-4DD8-AFAC-2D78F1A1C8FC}.Release|Any CPU.Build.0 = Release|Any CPU
	EndGlobalSection
	GlobalSection(SolutionProperties) = preSolution
		HideSolutionNode = FALSE
	EndGlobalSection
	GlobalSection(ExtensibilityGlobals) = postSolution
		SolutionGuid = {0C71762E-2872-4317-945F-7DC3BF771FD0}
	EndGlobalSection
EndGlobal
